
Microsoft Visual Studio Solution File, Format Version 12.00
# Visual Studio Version 17
VisualStudioVersion = 17.0.32014.148
MinimumVisualStudioVersion = 10.0.40219.1
Project("{FAE04EC0-301F-11D3-BF4B-00C04F79EFBC}") = "RegistCodeBehind", "RegistCodeBehind\RegistCodeBehind.csproj", "{46DFF643-0547-4250-B323-1E33945FDA6E}"
EndProject
Global
	GlobalSection(SolutionConfigurationPlatforms) = preSolution
		Debug|Any CPU = Debug|Any CPU
		Release|Any CPU = Release|Any CPU
	EndGlobalSection
	GlobalSection(ProjectConfigurationPlatforms) = postSolution
		{46DFF643-0547-4250-B323-1E33945FDA6E}.Debug|Any CPU.ActiveCfg = Debug|Any CPU
		{46DFF643-0547-4250-B323-1E33945FDA6E}.Debug|Any CPU.Build.0 = Debug|Any CPU
		{46DFF643-0547-4250-B323-1E33945FDA6E}.Release|Any CPU.ActiveCfg = Release|Any CPU
		{46DFF643-0547-4250-B323-1E33945FDA6E}.Release|Any CPU.Build.0 = Release|Any CPU
	EndGlobalSection
	GlobalSection(SolutionProperties) = preSolution
		HideSolutionNode = FALSE
	EndGlobalSection
	GlobalSection(ExtensibilityGlobals) = postSolution
		SolutionGuid = {2940749C-CD9A-4C85-AF68-75136CD9B8E6}
	EndGlobalSection
EndGlobal
